
Microsoft Visual Studio Solution File, Format Version 11.00
# Visual Studio 2010
Project("{FAE04EC0-301F-11D3-BF4B-00C04F79EFBC}") = "RFS Calculator", "RFS Calculator.csproj", "{B7D4B0F8-E33A-413F-B704-0A8FB6F9E916}"
EndProject
Project("{FAE04EC0-301F-11D3-BF4B-00C04F79EFBC}") = "BopsDataAccess", "..\..\Libraries\BopsDataAccess\BopsDataAccess.csproj", "{6AD72ECB-E1DD-4C60-A767-7B46120A6C9C}"
EndProject
Project("{FAE04EC0-301F-11D3-BF4B-00C04F79EFBC}") = "BopsBusinessLogicRfs", "..\..\Libraries\BopsBusinessLogicRfs\BopsBusinessLogicRfs.csproj", "{DC85CA38-1FEC-4995-B861-75A16EA5CE9B}"
EndProject
Project("{FAE04EC0-301F-11D3-BF4B-00C04F79EFBC}") = "BopsBusinessLogicFsc", "..\..\Libraries\BopsBusinessLogicFsc\BopsBusinessLogicFsc.csproj", "{D1CC058F-A164-4615-80B3-4CDF910040C6}"
EndProject
Project("{FAE04EC0-301F-11D3-BF4B-00C04F79EFBC}") = "NHibernateUtilities", "..\..\Libraries\NHibernateUtilities\NHibernateUtilities.csproj", "{BBABCE36-C99A-4F65-8263-1038D792BB01}"
EndProject
Global
	GlobalSection(SolutionConfigurationPlatforms) = preSolution
		Debug|Any CPU = Debug|Any CPU
		Release|Any CPU = Release|Any CPU
	EndGlobalSection
	GlobalSection(ProjectConfigurationPlatforms) = postSolution
		{B7D4B0F8-E33A-413F-B704-0A8FB6F9E916}.Debug|Any CPU.ActiveCfg = Debug|Any CPU
		{B7D4B0F8-E33A-413F-B704-0A8FB6F9E916}.Debug|Any CPU.Build.0 = Debug|Any CPU
		{B7D4B0F8-E33A-413F-B704-0A8FB6F9E916}.Release|Any CPU.ActiveCfg = Release|Any CPU
		{B7D4B0F8-E33A-413F-B704-0A8FB6F9E916}.Release|Any CPU.Build.0 = Release|Any CPU
		{6AD72ECB-E1DD-4C60-A767-7B46120A6C9C}.Debug|Any CPU.ActiveCfg = Debug|Any CPU
		{6AD72ECB-E1DD-4C60-A767-7B46120A6C9C}.Debug|Any CPU.Build.0 = Debug|Any CPU
		{6AD72ECB-E1DD-4C60-A767-7B46120A6C9C}.Release|Any CPU.ActiveCfg = Release|Any CPU
		{6AD72ECB-E1DD-4C60-A767-7B46120A6C9C}.Release|Any CPU.Build.0 = Release|Any CPU
		{DC85CA38-1FEC-4995-B861-75A16EA5CE9B}.Debug|Any CPU.ActiveCfg = Debug|Any CPU
		{DC85CA38-1FEC-4995-B861-75A16EA5CE9B}.Debug|Any CPU.Build.0 = Debug|Any CPU
		{DC85CA38-1FEC-4995-B861-75A16EA5CE9B}.Release|Any CPU.ActiveCfg = Release|Any CPU
		{DC85CA38-1FEC-4995-B861-75A16EA5CE9B}.Release|Any CPU.Build.0 = Release|Any CPU
		{D1CC058F-A164-4615-80B3-4CDF910040C6}.Debug|Any CPU.ActiveCfg = Debug|Any CPU
		{D1CC058F-A164-4615-80B3-4CDF910040C6}.Debug|Any CPU.Build.0 = Debug|Any CPU
		{D1CC058F-A164-4615-80B3-4CDF910040C6}.Release|Any CPU.ActiveCfg = Release|Any CPU
		{D1CC058F-A164-4615-80B3-4CDF910040C6}.Release|Any CPU.Build.0 = Release|Any CPU
		{BBABCE36-C99A-4F65-8263-1038D792BB01}.Debug|Any CPU.ActiveCfg = Debug|Any CPU
		{BBABCE36-C99A-4F65-8263-1038D792BB01}.Debug|Any CPU.Build.0 = Debug|Any CPU
		{BBABCE36-C99A-4F65-8263-1038D792BB01}.Release|Any CPU.ActiveCfg = Release|Any CPU
		{BBABCE36-C99A-4F65-8263-1038D792BB01}.Release|Any CPU.Build.0 = Release|Any CPU
	EndGlobalSection
	GlobalSection(SolutionProperties) = preSolution
		HideSolutionNode = FALSE
	EndGlobalSection
EndGlobal
