
Microsoft Visual Studio Solution File, Format Version 12.00
# Visual Studio 2013
VisualStudioVersion = 12.0.40629.0
MinimumVisualStudioVersion = 10.0.40219.1
Project("{2150E333-8FDC-42A3-9474-1A3956D46DE8}") = "Libraries", "Libraries", "{2C4A6C06-51A3-4560-BD18-703583EFE44A}"
EndProject
Project("{FAE04EC0-301F-11D3-BF4B-00C04F79EFBC}") = "Scm.OpsCore.Bootstrap", "..\Source\SCM\OpsCore\Libraries\Scm.OpsCore.Bootstrap\Scm.OpsCore.Bootstrap.csproj", "{65FAAC9F-26F5-4988-B6A4-216254D70FF2}"
EndProject
Project("{FAE04EC0-301F-11D3-BF4B-00C04F79EFBC}") = "Scm.OpsCore.Injection", "..\Source\SCM\OpsCore\Libraries\Scm.OpsCore.Injection\Scm.OpsCore.Injection.csproj", "{075E49B7-1D4A-43FE-8F26-8E36E1A68D5E}"
EndProject
Project("{2150E333-8FDC-42A3-9474-1A3956D46DE8}") = "Tests", "Tests", "{4E10788B-4D6B-41F4-A6A0-063494099F84}"
EndProject
Project("{FAE04EC0-301F-11D3-BF4B-00C04F79EFBC}") = "Scm.OpsCore.Bootstrap.Tests", "..\Source\SCM\OpsCore\Tests\Scm.OpsCore.Bootstrap.Tests\Scm.OpsCore.Bootstrap.Tests.csproj", "{52082ED9-14F2-4864-9459-1E5ABD713627}"
EndProject
Project("{2150E333-8FDC-42A3-9474-1A3956D46DE8}") = "Samples", "Samples", "{27893854-1FA4-4ECC-8940-6D7202396767}"
EndProject
Project("{FAE04EC0-301F-11D3-BF4B-00C04F79EFBC}") = "ConsoleAppSample", "..\Source\SCM\OpsCore\Samples\ConsoleAppSample\ConsoleAppSample.csproj", "{9C9FCEAA-00FD-45FF-974C-17DDF6BC7B62}"
EndProject
Project("{FAE04EC0-301F-11D3-BF4B-00C04F79EFBC}") = "Scm.OpsCore.Data.General", "..\Source\SCM\OpsCore\Libraries\Scm.OpsCore.Data.General\Scm.OpsCore.Data.General.csproj", "{E5D912BF-693B-47EA-845C-F704BF029B8D}"
EndProject
Project("{FAE04EC0-301F-11D3-BF4B-00C04F79EFBC}") = "Scm.OpsCore.Data.NHibernate", "..\Source\SCM\OpsCore\Libraries\Scm.OpsCore.Data.NHibernate\Scm.OpsCore.Data.NHibernate.csproj", "{BB0F655E-014A-477C-887E-FE621AF52CD7}"
EndProject
Project("{FAE04EC0-301F-11D3-BF4B-00C04F79EFBC}") = "Scm.OpsCore.Data.NHibernate.Tests", "..\Source\SCM\OpsCore\Tests\Scm.OpsCore.Data.NHibernate.Tests\Scm.OpsCore.Data.NHibernate.Tests.csproj", "{042B9D7D-0657-4074-992E-945A794A250A}"
EndProject
Project("{2150E333-8FDC-42A3-9474-1A3956D46DE8}") = "Legacy", "Legacy", "{83EA3068-9169-438C-A7D4-759E77835517}"
EndProject
Project("{FAE04EC0-301F-11D3-BF4B-00C04F79EFBC}") = "BopsDataAccess", "..\Source\Bops\Libraries\BopsDataAccess\BopsDataAccess.csproj", "{6AD72ECB-E1DD-4C60-A767-7B46120A6C9C}"
EndProject
Project("{FAE04EC0-301F-11D3-BF4B-00C04F79EFBC}") = "Scm.OpsCore.Legacy.DataLayer", "..\Source\SCM\OpsCore\Libraries\Scm.OpsCore.Legacy.DataLayer\Scm.OpsCore.Legacy.DataLayer.csproj", "{98B2104F-B995-4EA0-A2C1-29CB0C6FAC69}"
EndProject
Project("{FAE04EC0-301F-11D3-BF4B-00C04F79EFBC}") = "BopsAuthentication", "..\Source\Bops\Libraries\BopsAuthentication\BopsAuthentication.csproj", "{55934167-7AD3-41DA-93F4-7029B04A3BE2}"
EndProject
Project("{FAE04EC0-301F-11D3-BF4B-00C04F79EFBC}") = "Scm.OpsCore.Legacy.NHibernate", "..\Source\SCM\OpsCore\Libraries\Scm.OpsCore.Legacy.NHibernate\Scm.OpsCore.Legacy.NHibernate.csproj", "{213C91B2-8684-4261-9A63-D0EF493B82EA}"
EndProject
Project("{FAE04EC0-301F-11D3-BF4B-00C04F79EFBC}") = "Scm.OpsCore.Legacy.NHibernate.Tests", "..\Source\SCM\OpsCore\Tests\Scm.OpsCore.Legacy.NHibernate.Tests\Scm.OpsCore.Legacy.NHibernate.Tests.csproj", "{E6F388B4-02C6-432A-8855-4C8545BF420D}"
EndProject
Project("{FAE04EC0-301F-11D3-BF4B-00C04F79EFBC}") = "ScmOpsCore.Legacy.EntityFramework", "..\Source\SCM\OpsCore\Libraries\ScmOpsCore.Legacy.EntityFramework\ScmOpsCore.Legacy.EntityFramework.csproj", "{F579C237-A033-45A6-8621-E7CB6A251C86}"
EndProject
Project("{FAE04EC0-301F-11D3-BF4B-00C04F79EFBC}") = "Scm.OpsCore.Legacy.EntityFramework.Tests", "..\Source\SCM\OpsCore\Tests\Scm.OpsCore.Legacy.EntityFramework.Tests\Scm.OpsCore.Legacy.EntityFramework.Tests.csproj", "{F5FA7A3B-546F-44AE-810A-39870B386AB6}"
EndProject
Project("{FAE04EC0-301F-11D3-BF4B-00C04F79EFBC}") = "Scm.OpsCore.Legacy.DataLayer.Tests", "..\Source\SCM\OpsCore\Tests\Scm.OpsCore.Legacy.DataLayer.Tests\Scm.OpsCore.Legacy.DataLayer.Tests.csproj", "{59059616-3A46-40AD-A8CE-EF2E4C5D9D13}"
EndProject
Global
	GlobalSection(SolutionConfigurationPlatforms) = preSolution
		Debug|Any CPU = Debug|Any CPU
		Release|Any CPU = Release|Any CPU
	EndGlobalSection
	GlobalSection(ProjectConfigurationPlatforms) = postSolution
		{65FAAC9F-26F5-4988-B6A4-216254D70FF2}.Debug|Any CPU.ActiveCfg = Debug|Any CPU
		{65FAAC9F-26F5-4988-B6A4-216254D70FF2}.Debug|Any CPU.Build.0 = Debug|Any CPU
		{65FAAC9F-26F5-4988-B6A4-216254D70FF2}.Release|Any CPU.ActiveCfg = Release|Any CPU
		{65FAAC9F-26F5-4988-B6A4-216254D70FF2}.Release|Any CPU.Build.0 = Release|Any CPU
		{075E49B7-1D4A-43FE-8F26-8E36E1A68D5E}.Debug|Any CPU.ActiveCfg = Debug|Any CPU
		{075E49B7-1D4A-43FE-8F26-8E36E1A68D5E}.Debug|Any CPU.Build.0 = Debug|Any CPU
		{075E49B7-1D4A-43FE-8F26-8E36E1A68D5E}.Release|Any CPU.ActiveCfg = Release|Any CPU
		{075E49B7-1D4A-43FE-8F26-8E36E1A68D5E}.Release|Any CPU.Build.0 = Release|Any CPU
		{52082ED9-14F2-4864-9459-1E5ABD713627}.Debug|Any CPU.ActiveCfg = Debug|Any CPU
		{52082ED9-14F2-4864-9459-1E5ABD713627}.Debug|Any CPU.Build.0 = Debug|Any CPU
		{52082ED9-14F2-4864-9459-1E5ABD713627}.Release|Any CPU.ActiveCfg = Release|Any CPU
		{52082ED9-14F2-4864-9459-1E5ABD713627}.Release|Any CPU.Build.0 = Release|Any CPU
		{9C9FCEAA-00FD-45FF-974C-17DDF6BC7B62}.Debug|Any CPU.ActiveCfg = Debug|Any CPU
		{9C9FCEAA-00FD-45FF-974C-17DDF6BC7B62}.Debug|Any CPU.Build.0 = Debug|Any CPU
		{9C9FCEAA-00FD-45FF-974C-17DDF6BC7B62}.Release|Any CPU.ActiveCfg = Release|Any CPU
		{9C9FCEAA-00FD-45FF-974C-17DDF6BC7B62}.Release|Any CPU.Build.0 = Release|Any CPU
		{E5D912BF-693B-47EA-845C-F704BF029B8D}.Debug|Any CPU.ActiveCfg = Debug|Any CPU
		{E5D912BF-693B-47EA-845C-F704BF029B8D}.Debug|Any CPU.Build.0 = Debug|Any CPU
		{E5D912BF-693B-47EA-845C-F704BF029B8D}.Release|Any CPU.ActiveCfg = Release|Any CPU
		{E5D912BF-693B-47EA-845C-F704BF029B8D}.Release|Any CPU.Build.0 = Release|Any CPU
		{BB0F655E-014A-477C-887E-FE621AF52CD7}.Debug|Any CPU.ActiveCfg = Debug|Any CPU
		{BB0F655E-014A-477C-887E-FE621AF52CD7}.Debug|Any CPU.Build.0 = Debug|Any CPU
		{BB0F655E-014A-477C-887E-FE621AF52CD7}.Release|Any CPU.ActiveCfg = Release|Any CPU
		{BB0F655E-014A-477C-887E-FE621AF52CD7}.Release|Any CPU.Build.0 = Release|Any CPU
		{042B9D7D-0657-4074-992E-945A794A250A}.Debug|Any CPU.ActiveCfg = Debug|Any CPU
		{042B9D7D-0657-4074-992E-945A794A250A}.Debug|Any CPU.Build.0 = Debug|Any CPU
		{042B9D7D-0657-4074-992E-945A794A250A}.Release|Any CPU.ActiveCfg = Release|Any CPU
		{042B9D7D-0657-4074-992E-945A794A250A}.Release|Any CPU.Build.0 = Release|Any CPU
		{6AD72ECB-E1DD-4C60-A767-7B46120A6C9C}.Debug|Any CPU.ActiveCfg = Debug|Any CPU
		{6AD72ECB-E1DD-4C60-A767-7B46120A6C9C}.Debug|Any CPU.Build.0 = Debug|Any CPU
		{6AD72ECB-E1DD-4C60-A767-7B46120A6C9C}.Release|Any CPU.ActiveCfg = Release|Any CPU
		{6AD72ECB-E1DD-4C60-A767-7B46120A6C9C}.Release|Any CPU.Build.0 = Release|Any CPU
		{98B2104F-B995-4EA0-A2C1-29CB0C6FAC69}.Debug|Any CPU.ActiveCfg = Debug|Any CPU
		{98B2104F-B995-4EA0-A2C1-29CB0C6FAC69}.Debug|Any CPU.Build.0 = Debug|Any CPU
		{98B2104F-B995-4EA0-A2C1-29CB0C6FAC69}.Release|Any CPU.ActiveCfg = Release|Any CPU
		{98B2104F-B995-4EA0-A2C1-29CB0C6FAC69}.Release|Any CPU.Build.0 = Release|Any CPU
		{55934167-7AD3-41DA-93F4-7029B04A3BE2}.Debug|Any CPU.ActiveCfg = Debug|Any CPU
		{55934167-7AD3-41DA-93F4-7029B04A3BE2}.Debug|Any CPU.Build.0 = Debug|Any CPU
		{55934167-7AD3-41DA-93F4-7029B04A3BE2}.Release|Any CPU.ActiveCfg = Release|Any CPU
		{55934167-7AD3-41DA-93F4-7029B04A3BE2}.Release|Any CPU.Build.0 = Release|Any CPU
		{213C91B2-8684-4261-9A63-D0EF493B82EA}.Debug|Any CPU.ActiveCfg = Debug|Any CPU
		{213C91B2-8684-4261-9A63-D0EF493B82EA}.Debug|Any CPU.Build.0 = Debug|Any CPU
		{213C91B2-8684-4261-9A63-D0EF493B82EA}.Release|Any CPU.ActiveCfg = Release|Any CPU
		{213C91B2-8684-4261-9A63-D0EF493B82EA}.Release|Any CPU.Build.0 = Release|Any CPU
		{E6F388B4-02C6-432A-8855-4C8545BF420D}.Debug|Any CPU.ActiveCfg = Debug|Any CPU
		{E6F388B4-02C6-432A-8855-4C8545BF420D}.Debug|Any CPU.Build.0 = Debug|Any CPU
		{E6F388B4-02C6-432A-8855-4C8545BF420D}.Release|Any CPU.ActiveCfg = Release|Any CPU
		{E6F388B4-02C6-432A-8855-4C8545BF420D}.Release|Any CPU.Build.0 = Release|Any CPU
		{F579C237-A033-45A6-8621-E7CB6A251C86}.Debug|Any CPU.ActiveCfg = Debug|Any CPU
		{F579C237-A033-45A6-8621-E7CB6A251C86}.Debug|Any CPU.Build.0 = Debug|Any CPU
		{F579C237-A033-45A6-8621-E7CB6A251C86}.Release|Any CPU.ActiveCfg = Release|Any CPU
		{F579C237-A033-45A6-8621-E7CB6A251C86}.Release|Any CPU.Build.0 = Release|Any CPU
		{F5FA7A3B-546F-44AE-810A-39870B386AB6}.Debug|Any CPU.ActiveCfg = Debug|Any CPU
		{F5FA7A3B-546F-44AE-810A-39870B386AB6}.Debug|Any CPU.Build.0 = Debug|Any CPU
		{F5FA7A3B-546F-44AE-810A-39870B386AB6}.Release|Any CPU.ActiveCfg = Release|Any CPU
		{F5FA7A3B-546F-44AE-810A-39870B386AB6}.Release|Any CPU.Build.0 = Release|Any CPU
		{59059616-3A46-40AD-A8CE-EF2E4C5D9D13}.Debug|Any CPU.ActiveCfg = Debug|Any CPU
		{59059616-3A46-40AD-A8CE-EF2E4C5D9D13}.Debug|Any CPU.Build.0 = Debug|Any CPU
		{59059616-3A46-40AD-A8CE-EF2E4C5D9D13}.Release|Any CPU.ActiveCfg = Release|Any CPU
		{59059616-3A46-40AD-A8CE-EF2E4C5D9D13}.Release|Any CPU.Build.0 = Release|Any CPU
	EndGlobalSection
	GlobalSection(SolutionProperties) = preSolution
		HideSolutionNode = FALSE
	EndGlobalSection
	GlobalSection(NestedProjects) = preSolution
		{65FAAC9F-26F5-4988-B6A4-216254D70FF2} = {2C4A6C06-51A3-4560-BD18-703583EFE44A}
		{075E49B7-1D4A-43FE-8F26-8E36E1A68D5E} = {2C4A6C06-51A3-4560-BD18-703583EFE44A}
		{52082ED9-14F2-4864-9459-1E5ABD713627} = {4E10788B-4D6B-41F4-A6A0-063494099F84}
		{9C9FCEAA-00FD-45FF-974C-17DDF6BC7B62} = {27893854-1FA4-4ECC-8940-6D7202396767}
		{E5D912BF-693B-47EA-845C-F704BF029B8D} = {2C4A6C06-51A3-4560-BD18-703583EFE44A}
		{BB0F655E-014A-477C-887E-FE621AF52CD7} = {2C4A6C06-51A3-4560-BD18-703583EFE44A}
		{042B9D7D-0657-4074-992E-945A794A250A} = {4E10788B-4D6B-41F4-A6A0-063494099F84}
		{6AD72ECB-E1DD-4C60-A767-7B46120A6C9C} = {83EA3068-9169-438C-A7D4-759E77835517}
		{98B2104F-B995-4EA0-A2C1-29CB0C6FAC69} = {83EA3068-9169-438C-A7D4-759E77835517}
		{55934167-7AD3-41DA-93F4-7029B04A3BE2} = {83EA3068-9169-438C-A7D4-759E77835517}
		{213C91B2-8684-4261-9A63-D0EF493B82EA} = {83EA3068-9169-438C-A7D4-759E77835517}
		{E6F388B4-02C6-432A-8855-4C8545BF420D} = {4E10788B-4D6B-41F4-A6A0-063494099F84}
		{F579C237-A033-45A6-8621-E7CB6A251C86} = {83EA3068-9169-438C-A7D4-759E77835517}
		{F5FA7A3B-546F-44AE-810A-39870B386AB6} = {4E10788B-4D6B-41F4-A6A0-063494099F84}
		{59059616-3A46-40AD-A8CE-EF2E4C5D9D13} = {4E10788B-4D6B-41F4-A6A0-063494099F84}
	EndGlobalSection
EndGlobal
